#MicroXplorer Configuration settings - do not modify
#Wed Nov 04 10:54:32 CST 2015
CAN1.ABOM=ENABLE
CAN1.BS1=CAN_BS1_6TQ
CAN1.BS2=CAN_BS2_7TQ
CAN1.CalculateTimeBit=2000
CAN1.CalculateTimeQuantum=142.85714285714286
CAN1.IPParameters=BS2,BS1,SJW,ABOM,CalculateTimeQuantum,CalculateTimeBit,Prescaler
CAN1.Prescaler=6
CAN1.SJW=CAN_SJW_2TQ
CAN2.ABOM=ENABLE
CAN2.BS1=CAN_BS1_6TQ
CAN2.BS2=CAN_BS2_7TQ
CAN2.CalculateTimeBit=2000
CAN2.CalculateTimeQuantum=142.85714285714286
CAN2.IPParameters=BS2,BS1,SJW,ABOM,CalculateTimeQuantum,CalculateTimeBit,Prescaler
CAN2.Prescaler=6
CAN2.SJW=CAN_SJW_2TQ
Dma.Request0=SPI2_RX
Dma.Request1=SPI2_TX
Dma.RequestsNb=2
Dma.SPI2_RX.0.Channel=DMA_CHANNEL_0
Dma.SPI2_RX.0.Direction=DMA_PERIPH_TO_MEMORY
Dma.SPI2_RX.0.FIFOMode=DMA_FIFOMODE_DISABLE
Dma.SPI2_RX.0.Instance=DMA1_Stream3
Dma.SPI2_RX.0.MemDataAlignment=DMA_MDATAALIGN_HALFWORD
Dma.SPI2_RX.0.MemInc=DMA_MINC_DISABLE
Dma.SPI2_RX.0.Mode=DMA_CIRCULAR
Dma.SPI2_RX.0.PeriphDataAlignment=DMA_PDATAALIGN_HALFWORD
Dma.SPI2_RX.0.PeriphInc=DMA_PINC_DISABLE
Dma.SPI2_RX.0.Priority=DMA_PRIORITY_LOW
Dma.SPI2_RX.0.RequestParameters=Instance,Channel,Direction,PeriphInc,MemInc,PeriphDataAlignment,MemDataAlignment,Mode,Priority,FIFOMode
Dma.SPI2_TX.1.Channel=DMA_CHANNEL_0
Dma.SPI2_TX.1.Direction=DMA_MEMORY_TO_PERIPH
Dma.SPI2_TX.1.FIFOMode=DMA_FIFOMODE_DISABLE
Dma.SPI2_TX.1.Instance=DMA1_Stream4
Dma.SPI2_TX.1.MemDataAlignment=DMA_MDATAALIGN_HALFWORD
Dma.SPI2_TX.1.MemInc=DMA_MINC_DISABLE
Dma.SPI2_TX.1.Mode=DMA_CIRCULAR
Dma.SPI2_TX.1.PeriphDataAlignment=DMA_PDATAALIGN_HALFWORD
Dma.SPI2_TX.1.PeriphInc=DMA_PINC_DISABLE
Dma.SPI2_TX.1.Priority=DMA_PRIORITY_LOW
Dma.SPI2_TX.1.RequestParameters=Instance,Channel,Direction,PeriphInc,MemInc,PeriphDataAlignment,MemDataAlignment,Mode,Priority,FIFOMode
File.Version=5
KeepUserPlacement=true
Mcu.Family=STM32F4
Mcu.IP0=CAN1
Mcu.IP1=CAN2
Mcu.IP10=TIM12
Mcu.IP2=DMA
Mcu.IP3=NVIC
Mcu.IP4=RCC
Mcu.IP5=SPI2
Mcu.IP6=SYS
Mcu.IP7=TIM2
Mcu.IP8=TIM6
Mcu.IP9=TIM9
Mcu.IPNb=11
Mcu.Name=STM32F407V(E-G)Tx
Mcu.Package=LQFP100
Mcu.Pin0=PE5
Mcu.Pin1=PH0-OSC_IN
Mcu.Pin10=PB12
Mcu.Pin11=PB14
Mcu.Pin12=PD12
Mcu.Pin13=PD13
Mcu.Pin14=PD14
Mcu.Pin15=PD15
Mcu.Pin16=PA13
Mcu.Pin17=PA14
Mcu.Pin18=PA15
Mcu.Pin19=PD0
Mcu.Pin2=PH1-OSC_OUT
Mcu.Pin20=PD1
Mcu.Pin21=PB3
Mcu.Pin22=PB5
Mcu.Pin23=PB6
Mcu.Pin24=VP_TIM2_VS_ControllerModeReset
Mcu.Pin25=VP_TIM2_VS_ClockSourceINT
Mcu.Pin26=VP_TIM6_VS_ClockSourceINT
Mcu.Pin27=VP_TIM9_VS_ControllerModeReset
Mcu.Pin28=VP_TIM9_VS_ClockSourceINT
Mcu.Pin29=VP_TIM12_VS_ControllerModeReset
Mcu.Pin3=PC2
Mcu.Pin30=VP_TIM12_VS_ClockSourceINT
Mcu.Pin4=PC3
Mcu.Pin5=PB2
Mcu.Pin6=PE7
Mcu.Pin7=PE8
Mcu.Pin8=PE9
Mcu.Pin9=PB10
Mcu.PinsNb=31
Mcu.UserName=STM32F407VGTx
MxCube.Version=4.7.1
MxDb.Version=DB.4.0.71
NVIC.CAN1_RX0_IRQn=true\:1\:2\:true
NVIC.CAN2_RX0_IRQn=true\:1\:3\:true
NVIC.DMA1_Stream3_IRQn=true\:1\:5\:true
NVIC.DMA1_Stream4_IRQn=true\:1\:6\:true
NVIC.PriorityGroup=NVIC_PRIORITYGROUP_1
NVIC.SysTick_IRQn=true\:0\:0\:true
NVIC.TIM1_BRK_TIM9_IRQn=true\:0\:7\:false
NVIC.TIM2_IRQn=true\:0\:5\:false
NVIC.TIM6_DAC_IRQn=true\:1\:0\:true
NVIC.TIM8_BRK_TIM12_IRQn=true\:0\:6\:false
PA13.GPIOParameters=GPIO_Label
PA13.GPIO_Label=SWDIO
PA13.Locked=true
PA13.Mode=Trace-Asynchronous_SW
PA13.Signal=SYS_JTMS-SWDIO
PA14.GPIOParameters=GPIO_Label
PA14.GPIO_Label=SWCLK
PA14.Locked=true
PA14.Mode=Trace-Asynchronous_SW
PA14.Signal=SYS_JTCK-SWCLK
PA15.GPIOParameters=GPIO_ModeDefaultPP,GPIO_Speed,GPIO_PuPd,GPIO_Label
PA15.GPIO_Label=EBM1_1L
PA15.GPIO_ModeDefaultPP=GPIO_MODE_AF_PP
PA15.GPIO_PuPd=GPIO_NOPULL
PA15.GPIO_Speed=GPIO_SPEED_LOW
PA15.Locked=true
PA15.Signal=S_TIM2_CH1_ETR
PB10.GPIOParameters=GPIO_Speed,GPIO_PuPd,GPIO_Label,GPIO_Mode
PB10.GPIO_Label=EGR_SPI_SCK
PB10.GPIO_Mode=GPIO_MODE_AF_PP
PB10.GPIO_PuPd=GPIO_PULLDOWN
PB10.GPIO_Speed=GPIO_SPEED_LOW
PB10.Locked=true
PB10.Mode=Full_Duplex_Slave
PB10.Signal=SPI2_SCK
PB12.GPIOParameters=GPIO_Speed,GPIO_PuPd,GPIO_Label,GPIO_Mode
PB12.GPIO_Label=EGR_SPI_NSS
PB12.GPIO_Mode=GPIO_MODE_AF_PP
PB12.GPIO_PuPd=GPIO_NOPULL
PB12.GPIO_Speed=GPIO_SPEED_LOW
PB12.Locked=true
PB12.Mode=NSS_Signal_Hard
PB12.Signal=SPI2_NSS
PB14.GPIOParameters=GPIO_ModeDefaultPP,GPIO_Speed,GPIO_PuPd,GPIO_Label
PB14.GPIO_Label=EBM1_2L
PB14.GPIO_ModeDefaultPP=GPIO_MODE_AF_PP
PB14.GPIO_PuPd=GPIO_NOPULL
PB14.GPIO_Speed=GPIO_SPEED_LOW
PB14.Locked=true
PB14.Signal=S_TIM12_CH1
PB2.GPIOParameters=GPIO_PuPd,GPIO_Label,GPIO_Mode
PB2.GPIO_Label=BOOT1
PB2.GPIO_Mode=GPIO_MODE_INPUT
PB2.GPIO_PuPd=GPIO_NOPULL
PB2.Locked=true
PB2.Signal=GPIO_Input
PB3.GPIOParameters=GPIO_Label
PB3.GPIO_Label=SWO
PB3.Locked=true
PB3.Mode=Trace-Asynchronous_SW
PB3.Signal=SYS_JTDO-SWO
PB5.GPIOParameters=GPIO_Speed,GPIO_PuPd,GPIO_Label,GPIO_Mode
PB5.GPIO_Label=CCP_CAN_RX
PB5.GPIO_Mode=GPIO_MODE_AF_PP
PB5.GPIO_PuPd=GPIO_PULLUP
PB5.GPIO_Speed=GPIO_SPEED_LOW
PB5.Locked=true
PB5.Mode=Slave
PB5.Signal=CAN2_RX
PB6.GPIOParameters=GPIO_Speed,GPIO_PuPd,GPIO_Label,GPIO_Mode
PB6.GPIO_Label=CCP_CAN_TX
PB6.GPIO_Mode=GPIO_MODE_AF_PP
PB6.GPIO_PuPd=GPIO_PULLUP
PB6.GPIO_Speed=GPIO_SPEED_LOW
PB6.Locked=true
PB6.Mode=Slave
PB6.Signal=CAN2_TX
PC2.GPIOParameters=GPIO_Speed,GPIO_PuPd,GPIO_Label,GPIO_Mode
PC2.GPIO_Label=EGR_SPI_MISO
PC2.GPIO_Mode=GPIO_MODE_AF_PP
PC2.GPIO_PuPd=GPIO_PULLDOWN
PC2.GPIO_Speed=GPIO_SPEED_LOW
PC2.Locked=true
PC2.Mode=Full_Duplex_Slave
PC2.Signal=SPI2_MISO
PC3.GPIOParameters=GPIO_Speed,GPIO_PuPd,GPIO_Label,GPIO_Mode
PC3.GPIO_Label=EGR_SPI_MOSI
PC3.GPIO_Mode=GPIO_MODE_AF_PP
PC3.GPIO_PuPd=GPIO_PULLDOWN
PC3.GPIO_Speed=GPIO_SPEED_LOW
PC3.Locked=true
PC3.Mode=Full_Duplex_Slave
PC3.Signal=SPI2_MOSI
PCC.Checker=false
PCC.Family=STM32F4
PCC.MCU=STM32F407V(E-G)Tx
PCC.MXVersion=4.7.1
PCC.PartNumber=STM32F407VGTx
PCC.Seq0=0
PCC.SubFamily=STM32F407/417
PCC.Temperature=25
PCC.Vdd=3.3
PD0.GPIOParameters=GPIO_Speed,GPIO_PuPd,GPIO_Label,GPIO_Mode
PD0.GPIO_Label=EGR_ISO_CAN1_RX
PD0.GPIO_Mode=GPIO_MODE_AF_PP
PD0.GPIO_PuPd=GPIO_PULLUP
PD0.GPIO_Speed=GPIO_SPEED_LOW
PD0.Locked=true
PD0.Mode=Master
PD0.Signal=CAN1_RX
PD1.GPIOParameters=GPIO_Speed,GPIO_PuPd,GPIO_Label,GPIO_Mode
PD1.GPIO_Label=EGR_ISO_CAN1_TX
PD1.GPIO_Mode=GPIO_MODE_AF_PP
PD1.GPIO_PuPd=GPIO_PULLUP
PD1.GPIO_Speed=GPIO_SPEED_LOW
PD1.Locked=true
PD1.Mode=Master
PD1.Signal=CAN1_TX
PD12.GPIOParameters=GPIO_Speed,GPIO_PuPd,GPIO_Label,GPIO_ModeDefaultOutputPP
PD12.GPIO_Label=IO_Test [Green Led]
PD12.GPIO_ModeDefaultOutputPP=GPIO_MODE_OUTPUT_PP
PD12.GPIO_PuPd=GPIO_NOPULL
PD12.GPIO_Speed=GPIO_SPEED_LOW
PD12.Locked=true
PD12.Signal=GPIO_Output
PD13.GPIOParameters=GPIO_Speed,GPIO_PuPd,GPIO_Label,GPIO_ModeDefaultOutputPP
PD13.GPIO_Label=EBM1_POS1 [Orange Led]
PD13.GPIO_ModeDefaultOutputPP=GPIO_MODE_OUTPUT_PP
PD13.GPIO_PuPd=GPIO_NOPULL
PD13.GPIO_Speed=GPIO_SPEED_LOW
PD13.Locked=true
PD13.Signal=GPIO_Output
PD14.GPIOParameters=GPIO_Speed,GPIO_PuPd,GPIO_Label,GPIO_ModeDefaultOutputPP
PD14.GPIO_Label=EBM1_POS2 [Red Led]
PD14.GPIO_ModeDefaultOutputPP=GPIO_MODE_OUTPUT_PP
PD14.GPIO_PuPd=GPIO_NOPULL
PD14.GPIO_Speed=GPIO_SPEED_LOW
PD14.Locked=true
PD14.Signal=GPIO_Output
PD15.GPIOParameters=GPIO_Speed,GPIO_PuPd,GPIO_Label,GPIO_ModeDefaultOutputPP
PD15.GPIO_Label=EBM1_POS3 [Blue Led]
PD15.GPIO_ModeDefaultOutputPP=GPIO_MODE_OUTPUT_PP
PD15.GPIO_PuPd=GPIO_NOPULL
PD15.GPIO_Speed=GPIO_SPEED_LOW
PD15.Locked=true
PD15.Signal=GPIO_Output
PE5.GPIOParameters=GPIO_ModeDefaultPP,GPIO_Speed,GPIO_PuPd,GPIO_Label
PE5.GPIO_Label=EBM1_3L
PE5.GPIO_ModeDefaultPP=GPIO_MODE_AF_PP
PE5.GPIO_PuPd=GPIO_NOPULL
PE5.GPIO_Speed=GPIO_SPEED_LOW
PE5.Locked=true
PE5.Signal=S_TIM9_CH1
PE7.GPIOParameters=GPIO_PuPd,GPIO_Label,GPIO_Mode
PE7.GPIO_Label=EBM1_1H
PE7.GPIO_Mode=GPIO_MODE_INPUT
PE7.GPIO_PuPd=GPIO_PULLDOWN
PE7.Locked=true
PE7.Signal=GPIO_Input
PE8.GPIOParameters=GPIO_PuPd,GPIO_Label,GPIO_Mode
PE8.GPIO_Label=EBM1_2H
PE8.GPIO_Mode=GPIO_MODE_INPUT
PE8.GPIO_PuPd=GPIO_PULLDOWN
PE8.Locked=true
PE8.Signal=GPIO_Input
PE9.GPIOParameters=GPIO_PuPd,GPIO_Label,GPIO_Mode
PE9.GPIO_Label=EBM1_3H
PE9.GPIO_Mode=GPIO_MODE_INPUT
PE9.GPIO_PuPd=GPIO_PULLDOWN
PE9.Locked=true
PE9.Signal=GPIO_Input
PH0-OSC_IN.GPIOParameters=GPIO_Label
PH0-OSC_IN.GPIO_Label=PH0-OSC_IN
PH0-OSC_IN.Locked=true
PH0-OSC_IN.Mode=HSE-External-Oscillator
PH0-OSC_IN.Signal=RCC_OSC_IN
PH1-OSC_OUT.GPIOParameters=GPIO_Label
PH1-OSC_OUT.GPIO_Label=PH1-OSC_OUT
PH1-OSC_OUT.Locked=true
PH1-OSC_OUT.Mode=HSE-External-Oscillator
PH1-OSC_OUT.Signal=RCC_OSC_OUT
ProjectManager.AskForMigrate=true
ProjectManager.BackupPrevious=false
ProjectManager.CompilerOptimize=2
ProjectManager.ComputerToolchain=false
ProjectManager.CoupleFile=true
ProjectManager.DeletePrevious=true
ProjectManager.DeviceId=STM32F407VGTx
ProjectManager.FirmwarePackage=STM32Cube FW_F4 V1.5.0
ProjectManager.FreePins=false
ProjectManager.HalAssertFull=true
ProjectManager.KeepUserCode=true
ProjectManager.LastFirmware=true
ProjectManager.LibraryCopy=1
ProjectManager.ProjectBuild=false
ProjectManager.ProjectFileName=STM32F407_EGR_Emulator.ioc
ProjectManager.ProjectName=STM32F407_EGR_Emulator
ProjectManager.TargetToolchain=MDK-ARM V5
ProjectManager.ToolChainLocation=
RCC.48MHZClocksFreq_Value=48000000
RCC.AHBFreq_Value=168000000
RCC.APB1CLKDivider=RCC_HCLK_DIV4
RCC.APB1Freq_Value=42000000
RCC.APB1TimFreq_Value=84000000
RCC.APB2CLKDivider=RCC_HCLK_DIV2
RCC.APB2Freq_Value=84000000
RCC.APB2TimFreq_Value=168000000
RCC.CortexFreq_Value=21000000
RCC.EthernetFreq_Value=168000000
RCC.FCLKCortexFreq_Value=168000000
RCC.FamilyName=M
RCC.HCLKFreq_Value=168000000
RCC.HSE_VALUE=8000000
RCC.HSI_VALUE=16000000
RCC.I2SClocksFreq_Value=96000000
RCC.IPParameters=PLLSource,LSI_VALUE,APB1TimFreq_Value,APB2Freq_Value,MCO2PinFreq_Value,APB1CLKDivider,FCLKCortexFreq_Value,AHBFreq_Value,48MHZClocksFreq_Value,VCOInputFreq_Value,I2SClocksFreq_Value,PLLSourceVirtual,SYSCLKFreq_VALUE,PLLQ,SYSCLKSource,LSE_VALUE,HSE_VALUE,HSI_VALUE,VCOI2SOutputFreq_Value,PLLCLKFreq_Value,RTCFreq_Value,FamilyName,HCLKFreq_Value,EthernetFreq_Value,APB2CLKDivider,PLLM,PLLN,VCOOutputFreq_Value,CortexFreq_Value,VcooutputI2S,APB1Freq_Value,RTCHSEDivFreq_Value,APB2TimFreq_Value
RCC.LSE_VALUE=32768
RCC.LSI_VALUE=32000
RCC.MCO2PinFreq_Value=168000000
RCC.PLLCLKFreq_Value=168000000
RCC.PLLM=8
RCC.PLLN=336
RCC.PLLQ=7
RCC.PLLSource=RCC_PLLSOURCE_HSE
RCC.PLLSourceVirtual=RCC_PLLSOURCE_HSE
RCC.RTCFreq_Value=32000
RCC.RTCHSEDivFreq_Value=4000000
RCC.SYSCLKFreq_VALUE=168000000
RCC.SYSCLKSource=RCC_SYSCLKSOURCE_PLLCLK
RCC.VCOI2SOutputFreq_Value=192000000
RCC.VCOInputFreq_Value=1000000
RCC.VCOOutputFreq_Value=336000000
RCC.VcooutputI2S=96000000
SH.S_TIM12_CH1.0=TIM12_CH1,TriggerSource_TI1FP1
SH.S_TIM12_CH1.1=TIM12_CH1,Input_Capture1_from_TI1
SH.S_TIM12_CH1.2=TIM12_CH1,Input_Capture2_from_TI1
SH.S_TIM12_CH1.ConfNb=3
SH.S_TIM2_CH1_ETR.0=TIM2_CH1,TriggerSource_TI1FP1
SH.S_TIM2_CH1_ETR.1=TIM2_CH1,Input_Capture1_from_TI1
SH.S_TIM2_CH1_ETR.2=TIM2_CH1,Input_Capture2_from_TI1
SH.S_TIM2_CH1_ETR.ConfNb=3
SH.S_TIM9_CH1.0=TIM9_CH1,TriggerSource_TI1FP1
SH.S_TIM9_CH1.1=TIM9_CH1,Input_Capture1_from_TI1
SH.S_TIM9_CH1.2=TIM9_CH1,Input_Capture2_from_TI1
SH.S_TIM9_CH1.ConfNb=3
SPI2.BaudRatePrescaler=SPI_BAUDRATEPRESCALER_16
SPI2.CLKPhase=SPI_PHASE_1EDGE
SPI2.CLKPolarity=SPI_POLARITY_HIGH
SPI2.CalculateBaudRate=2.625 MBits/s
SPI2.DataSize=SPI_DATASIZE_16BIT
SPI2.IPParameters=CLKPhase,BaudRatePrescaler,NSS-Full_Duplex_Slave,VirtualNSS,VirtualType,CLKPolarity,DataSize,CalculateBaudRate
SPI2.NSS-Full_Duplex_Slave=SPI_NSS_SOFT
SPI2.VirtualNSS=VM_NSSHARD
SPI2.VirtualType=VM_SLAVE
TIM12.Channel-Input_Capture2_from_TI1=TIM_CHANNEL_2
TIM12.ICPolarity_CH2=TIM_INPUTCHANNELPOLARITY_FALLING
TIM12.IPParameters=Channel-Input_Capture2_from_TI1,ICPolarity_CH2,Period,Prescaler
TIM12.Period=0xFFFF
TIM12.Prescaler=42
TIM2.Channel-Input_Capture2_from_TI1=TIM_CHANNEL_2
TIM2.ICPolarity_CH2=TIM_INPUTCHANNELPOLARITY_FALLING
TIM2.IPParameters=Channel-Input_Capture2_from_TI1,ICPolarity_CH2,Prescaler,Period
TIM2.Period=0xFFFF
TIM2.Prescaler=42
TIM6.IPParameters=Prescaler,Period
TIM6.Period=100
TIM6.Prescaler=84
TIM9.Channel-Input_Capture2_from_TI1=TIM_CHANNEL_2
TIM9.ICPolarity_CH2=TIM_INPUTCHANNELPOLARITY_FALLING
TIM9.IPParameters=Channel-Input_Capture2_from_TI1,ICPolarity_CH2,Period,Prescaler
TIM9.Period=0xFFFF
TIM9.Prescaler=84
VP_TIM12_VS_ClockSourceINT.Mode=Internal
VP_TIM12_VS_ClockSourceINT.Signal=TIM12_VS_ClockSourceINT
VP_TIM12_VS_ControllerModeReset.Mode=Reset Mode
VP_TIM12_VS_ControllerModeReset.Signal=TIM12_VS_ControllerModeReset
VP_TIM2_VS_ClockSourceINT.Mode=Internal
VP_TIM2_VS_ClockSourceINT.Signal=TIM2_VS_ClockSourceINT
VP_TIM2_VS_ControllerModeReset.Mode=Reset Mode
VP_TIM2_VS_ControllerModeReset.Signal=TIM2_VS_ControllerModeReset
VP_TIM6_VS_ClockSourceINT.Mode=Enable_Timer
VP_TIM6_VS_ClockSourceINT.Signal=TIM6_VS_ClockSourceINT
VP_TIM9_VS_ClockSourceINT.Mode=Internal
VP_TIM9_VS_ClockSourceINT.Signal=TIM9_VS_ClockSourceINT
VP_TIM9_VS_ControllerModeReset.Mode=Reset Mode
VP_TIM9_VS_ControllerModeReset.Signal=TIM9_VS_ControllerModeReset
boardIOC=true
